
Microsoft Visual Studio Solution File, Format Version 12.00
# Visual Studio 15
VisualStudioVersion = 15.0.28307.136
MinimumVisualStudioVersion = 10.0.40219.1
Project("{FAE04EC0-301F-11D3-BF4B-00C04F79EFBC}") = "DB2View", "DB2View\DB2View.csproj", "{CF14C8CA-0BFE-43FF-BB50-08497BF045BC}"
EndProject
Global
	GlobalSection(SolutionConfigurationPlatforms) = preSolution
		Debug|Any CPU = Debug|Any CPU
		Release|Any CPU = Release|Any CPU
	EndGlobalSection
	GlobalSection(ProjectConfigurationPlatforms) = postSolution
		{CF14C8CA-0BFE-43FF-BB50-08497BF045BC}.Debug|Any CPU.ActiveCfg = Debug|Any CPU
		{CF14C8CA-0BFE-43FF-BB50-08497BF045BC}.Debug|Any CPU.Build.0 = Debug|Any CPU
		{CF14C8CA-0BFE-43FF-BB50-08497BF045BC}.Release|Any CPU.ActiveCfg = Release|Any CPU
		{CF14C8CA-0BFE-43FF-BB50-08497BF045BC}.Release|Any CPU.Build.0 = Release|Any CPU
	EndGlobalSection
	GlobalSection(SolutionProperties) = preSolution
		HideSolutionNode = FALSE
	EndGlobalSection
	GlobalSection(ExtensibilityGlobals) = postSolution
		SolutionGuid = {5A2C3802-5B29-47F7-A9D1-E0D390D24BAF}
	EndGlobalSection
EndGlobal
